// !$*UTF8*$!
{
	archiveVersion = 1;
	classes = {
	};
	objectVersion = 51;
	objects = {

/* Begin PBXBuildFile section */
		680F55DAE903C9450EB33958 /* Pods_MDB4_FlightTracker_MDB4_FlightTrackerUITests.framework in Frameworks */ = {isa = PBXBuildFile; fileRef = 1FDBA14082D72C0D263DF4DB /* Pods_MDB4_FlightTracker_MDB4_FlightTrackerUITests.framework */; };
		A059623353344B8B4D2FAB08 /* Pods_MDB4_FlightTrackerTests.framework in Frameworks */ = {isa = PBXBuildFile; fileRef = C3FB4C5887E036C6E19FAB06 /* Pods_MDB4_FlightTrackerTests.framework */; };
		BA21393923BC9D390025DF82 /* LufthansaAPIHelper.swift in Sources */ = {isa = PBXBuildFile; fileRef = BA21393823BC9D390025DF82 /* LufthansaAPIHelper.swift */; };
		BA21393B23BC9D750025DF82 /* Flight.swift in Sources */ = {isa = PBXBuildFile; fileRef = BA21393A23BC9D750025DF82 /* Flight.swift */; };
		BA21393D23BCDC0A0025DF82 /* Airport.swift in Sources */ = {isa = PBXBuildFile; fileRef = BA21393C23BCDC0A0025DF82 /* Airport.swift */; };
		BA21394023BDC4E20025DF82 /* Airplane.swift in Sources */ = {isa = PBXBuildFile; fileRef = BA21393F23BDC4E10025DF82 /* Airplane.swift */; };
		BA21394223BDEB740025DF82 /* FlightInfoVC-UI.swift in Sources */ = {isa = PBXBuildFile; fileRef = BA21394123BDEB740025DF82 /* FlightInfoVC-UI.swift */; };
		BA21394423BF07F10025DF82 /* FlightInfoVC-Map.swift in Sources */ = {isa = PBXBuildFile; fileRef = BA21394323BF07F10025DF82 /* FlightInfoVC-Map.swift */; };
		BA21394623BF13C90025DF82 /* AirportMapVC-Map.swift in Sources */ = {isa = PBXBuildFile; fileRef = BA21394523BF13C90025DF82 /* AirportMapVC-Map.swift */; };
		BA21394823BF13EA0025DF82 /* Airport-UI.swift in Sources */ = {isa = PBXBuildFile; fileRef = BA21394723BF13EA0025DF82 /* Airport-UI.swift */; };
		BA21394A23BF22F80025DF82 /* AirportAnnotation.swift in Sources */ = {isa = PBXBuildFile; fileRef = BA21394923BF22F80025DF82 /* AirportAnnotation.swift */; };
		BA21394C23BF7EFD0025DF82 /* AirportAnnotationView.swift in Sources */ = {isa = PBXBuildFile; fileRef = BA21394B23BF7EFD0025DF82 /* AirportAnnotationView.swift */; };
		BA21394E23C070860025DF82 /* AirportInfoVC-Table.swift in Sources */ = {isa = PBXBuildFile; fileRef = BA21394D23C070860025DF82 /* AirportInfoVC-Table.swift */; };
		BA21395023C096790025DF82 /* FlightCell.swift in Sources */ = {isa = PBXBuildFile; fileRef = BA21394F23C096790025DF82 /* FlightCell.swift */; };
		BA21395223C225630025DF82 /* AirportInfoVC-Map.swift in Sources */ = {isa = PBXBuildFile; fileRef = BA21395123C225630025DF82 /* AirportInfoVC-Map.swift */; };
		BA21395423C22B110025DF82 /* FavoriteFlightCell.swift in Sources */ = {isa = PBXBuildFile; fileRef = BA21395323C22B110025DF82 /* FavoriteFlightCell.swift */; };
		BA21395623C22B420025DF82 /* FavoritesVC-Table.swift in Sources */ = {isa = PBXBuildFile; fileRef = BA21395523C22B420025DF82 /* FavoritesVC-Table.swift */; };
		BAE9E4D423BB804100E651E2 /* AppDelegate.swift in Sources */ = {isa = PBXBuildFile; fileRef = BAE9E4D323BB804100E651E2 /* AppDelegate.swift */; };
		BAE9E4D623BB804100E651E2 /* SceneDelegate.swift in Sources */ = {isa = PBXBuildFile; fileRef = BAE9E4D523BB804100E651E2 /* SceneDelegate.swift */; };
		BAE9E4DB23BB804100E651E2 /* Main.storyboard in Resources */ = {isa = PBXBuildFile; fileRef = BAE9E4D923BB804100E651E2 /* Main.storyboard */; };
		BAE9E4DD23BB804300E651E2 /* Assets.xcassets in Resources */ = {isa = PBXBuildFile; fileRef = BAE9E4DC23BB804300E651E2 /* Assets.xcassets */; };
		BAE9E4E023BB804300E651E2 /* LaunchScreen.storyboard in Resources */ = {isa = PBXBuildFile; fileRef = BAE9E4DE23BB804300E651E2 /* LaunchScreen.storyboard */; };
		BAE9E4EB23BB804300E651E2 /* MDB4_FlightTrackerTests.swift in Sources */ = {isa = PBXBuildFile; fileRef = BAE9E4EA23BB804300E651E2 /* MDB4_FlightTrackerTests.swift */; };
		BAE9E4F623BB804300E651E2 /* MDB4_FlightTrackerUITests.swift in Sources */ = {isa = PBXBuildFile; fileRef = BAE9E4F523BB804300E651E2 /* MDB4_FlightTrackerUITests.swift */; };
		BAE9E50423BC407B00E651E2 /* FlightRequestVC.swift in Sources */ = {isa = PBXBuildFile; fileRef = BAE9E50323BC407B00E651E2 /* FlightRequestVC.swift */; };
		BAE9E50623BC409D00E651E2 /* FlightInfoVC.swift in Sources */ = {isa = PBXBuildFile; fileRef = BAE9E50523BC409D00E651E2 /* FlightInfoVC.swift */; };
		BAE9E50923BC40DD00E651E2 /* AirportMapVC.swift in Sources */ = {isa = PBXBuildFile; fileRef = BAE9E50823BC40DD00E651E2 /* AirportMapVC.swift */; };
		BAE9E50C23BC410E00E651E2 /* AirportInfoVC.swift in Sources */ = {isa = PBXBuildFile; fileRef = BAE9E50B23BC410E00E651E2 /* AirportInfoVC.swift */; };
		BAE9E50F23BC413400E651E2 /* FavoritesVC.swift in Sources */ = {isa = PBXBuildFile; fileRef = BAE9E50E23BC413400E651E2 /* FavoritesVC.swift */; };
		BAE9E51123BC889100E651E2 /* FlightRequestVC-TextFieldExtension.swift in Sources */ = {isa = PBXBuildFile; fileRef = BAE9E51023BC889100E651E2 /* FlightRequestVC-TextFieldExtension.swift */; };
		BBD70E31C3D60440BD87DADB /* Pods_MDB4_FlightTracker.framework in Frameworks */ = {isa = PBXBuildFile; fileRef = 3A307AA70B0FFBE49C6E4112 /* Pods_MDB4_FlightTracker.framework */; };
/* End PBXBuildFile section */

/* Begin PBXContainerItemProxy section */
		BAE9E4E723BB804300E651E2 /* PBXContainerItemProxy */ = {
			isa = PBXContainerItemProxy;
			containerPortal = BAE9E4C823BB804100E651E2 /* Project object */;
			proxyType = 1;
			remoteGlobalIDString = BAE9E4CF23BB804100E651E2;
			remoteInfo = "MDB4-FlightTracker";
		};
		BAE9E4F223BB804300E651E2 /* PBXContainerItemProxy */ = {
			isa = PBXContainerItemProxy;
			containerPortal = BAE9E4C823BB804100E651E2 /* Project object */;
			proxyType = 1;
			remoteGlobalIDString = BAE9E4CF23BB804100E651E2;
			remoteInfo = "MDB4-FlightTracker";
		};
/* End PBXContainerItemProxy section */

/* Begin PBXFileReference section */
		1484A4DBEBE891C9592E877F /* Pods-MDB4-FlightTrackerTests.release.xcconfig */ = {isa = PBXFileReference; includeInIndex = 1; lastKnownFileType = text.xcconfig; name = "Pods-MDB4-FlightTrackerTests.release.xcconfig"; path = "Target Support Files/Pods-MDB4-FlightTrackerTests/Pods-MDB4-FlightTrackerTests.release.xcconfig"; sourceTree = "<group>"; };
		1FDBA14082D72C0D263DF4DB /* Pods_MDB4_FlightTracker_MDB4_FlightTrackerUITests.framework */ = {isa = PBXFileReference; explicitFileType = wrapper.framework; includeInIndex = 0; path = Pods_MDB4_FlightTracker_MDB4_FlightTrackerUITests.framework; sourceTree = BUILT_PRODUCTS_DIR; };
		2446AC00D383C5D21383544A /* Pods-MDB4-FlightTracker-MDB4-FlightTrackerUITests.release.xcconfig */ = {isa = PBXFileReference; includeInIndex = 1; lastKnownFileType = text.xcconfig; name = "Pods-MDB4-FlightTracker-MDB4-FlightTrackerUITests.release.xcconfig"; path = "Target Support Files/Pods-MDB4-FlightTracker-MDB4-FlightTrackerUITests/Pods-MDB4-FlightTracker-MDB4-FlightTrackerUITests.release.xcconfig"; sourceTree = "<group>"; };
		3A307AA70B0FFBE49C6E4112 /* Pods_MDB4_FlightTracker.framework */ = {isa = PBXFileReference; explicitFileType = wrapper.framework; includeInIndex = 0; path = Pods_MDB4_FlightTracker.framework; sourceTree = BUILT_PRODUCTS_DIR; };
		6256EDBEAB017C0CF23AF009 /* Pods-MDB4-FlightTracker.debug.xcconfig */ = {isa = PBXFileReference; includeInIndex = 1; lastKnownFileType = text.xcconfig; name = "Pods-MDB4-FlightTracker.debug.xcconfig"; path = "Target Support Files/Pods-MDB4-FlightTracker/Pods-MDB4-FlightTracker.debug.xcconfig"; sourceTree = "<group>"; };
		7FCB12D7DA2077A3FA31994E /* Pods-MDB4-FlightTracker.release.xcconfig */ = {isa = PBXFileReference; includeInIndex = 1; lastKnownFileType = text.xcconfig; name = "Pods-MDB4-FlightTracker.release.xcconfig"; path = "Target Support Files/Pods-MDB4-FlightTracker/Pods-MDB4-FlightTracker.release.xcconfig"; sourceTree = "<group>"; };
		BA21393823BC9D390025DF82 /* LufthansaAPIHelper.swift */ = {isa = PBXFileReference; fileEncoding = 4; lastKnownFileType = sourcecode.swift; path = LufthansaAPIHelper.swift; sourceTree = "<group>"; };
		BA21393A23BC9D750025DF82 /* Flight.swift */ = {isa = PBXFileReference; fileEncoding = 4; lastKnownFileType = sourcecode.swift; path = Flight.swift; sourceTree = "<group>"; };
		BA21393C23BCDC0A0025DF82 /* Airport.swift */ = {isa = PBXFileReference; lastKnownFileType = sourcecode.swift; path = Airport.swift; sourceTree = "<group>"; };
		BA21393F23BDC4E10025DF82 /* Airplane.swift */ = {isa = PBXFileReference; lastKnownFileType = sourcecode.swift; path = Airplane.swift; sourceTree = "<group>"; };
		BA21394123BDEB740025DF82 /* FlightInfoVC-UI.swift */ = {isa = PBXFileReference; lastKnownFileType = sourcecode.swift; path = "FlightInfoVC-UI.swift"; sourceTree = "<group>"; };
		BA21394323BF07F10025DF82 /* FlightInfoVC-Map.swift */ = {isa = PBXFileReference; lastKnownFileType = sourcecode.swift; path = "FlightInfoVC-Map.swift"; sourceTree = "<group>"; };
		BA21394523BF13C90025DF82 /* AirportMapVC-Map.swift */ = {isa = PBXFileReference; lastKnownFileType = sourcecode.swift; path = "AirportMapVC-Map.swift"; sourceTree = "<group>"; };
		BA21394723BF13EA0025DF82 /* Airport-UI.swift */ = {isa = PBXFileReference; lastKnownFileType = sourcecode.swift; path = "Airport-UI.swift"; sourceTree = "<group>"; };
		BA21394923BF22F80025DF82 /* AirportAnnotation.swift */ = {isa = PBXFileReference; lastKnownFileType = sourcecode.swift; path = AirportAnnotation.swift; sourceTree = "<group>"; };
		BA21394B23BF7EFD0025DF82 /* AirportAnnotationView.swift */ = {isa = PBXFileReference; lastKnownFileType = sourcecode.swift; path = AirportAnnotationView.swift; sourceTree = "<group>"; };
		BA21394D23C070860025DF82 /* AirportInfoVC-Table.swift */ = {isa = PBXFileReference; lastKnownFileType = sourcecode.swift; path = "AirportInfoVC-Table.swift"; sourceTree = "<group>"; };
		BA21394F23C096790025DF82 /* FlightCell.swift */ = {isa = PBXFileReference; lastKnownFileType = sourcecode.swift; path = FlightCell.swift; sourceTree = "<group>"; };
		BA21395123C225630025DF82 /* AirportInfoVC-Map.swift */ = {isa = PBXFileReference; lastKnownFileType = sourcecode.swift; path = "AirportInfoVC-Map.swift"; sourceTree = "<group>"; };
		BA21395323C22B110025DF82 /* FavoriteFlightCell.swift */ = {isa = PBXFileReference; lastKnownFileType = sourcecode.swift; path = FavoriteFlightCell.swift; sourceTree = "<group>"; };
		BA21395523C22B420025DF82 /* FavoritesVC-Table.swift */ = {isa = PBXFileReference; lastKnownFileType = sourcecode.swift; path = "FavoritesVC-Table.swift"; sourceTree = "<group>"; };
		BAE9E4D023BB804100E651E2 /* MDB4-FlightTracker.app */ = {isa = PBXFileReference; explicitFileType = wrapper.application; includeInIndex = 0; path = "MDB4-FlightTracker.app"; sourceTree = BUILT_PRODUCTS_DIR; };
		BAE9E4D323BB804100E651E2 /* AppDelegate.swift */ = {isa = PBXFileReference; lastKnownFileType = sourcecode.swift; path = AppDelegate.swift; sourceTree = "<group>"; };
		BAE9E4D523BB804100E651E2 /* SceneDelegate.swift */ = {isa = PBXFileReference; lastKnownFileType = sourcecode.swift; path = SceneDelegate.swift; sourceTree = "<group>"; };
		BAE9E4DA23BB804100E651E2 /* Base */ = {isa = PBXFileReference; lastKnownFileType = file.storyboard; name = Base; path = Base.lproj/Main.storyboard; sourceTree = "<group>"; };
		BAE9E4DC23BB804300E651E2 /* Assets.xcassets */ = {isa = PBXFileReference; lastKnownFileType = folder.assetcatalog; path = Assets.xcassets; sourceTree = "<group>"; };
		BAE9E4DF23BB804300E651E2 /* Base */ = {isa = PBXFileReference; lastKnownFileType = file.storyboard; name = Base; path = Base.lproj/LaunchScreen.storyboard; sourceTree = "<group>"; };
		BAE9E4E123BB804300E651E2 /* Info.plist */ = {isa = PBXFileReference; lastKnownFileType = text.plist.xml; path = Info.plist; sourceTree = "<group>"; };
		BAE9E4E623BB804300E651E2 /* MDB4-FlightTrackerTests.xctest */ = {isa = PBXFileReference; explicitFileType = wrapper.cfbundle; includeInIndex = 0; path = "MDB4-FlightTrackerTests.xctest"; sourceTree = BUILT_PRODUCTS_DIR; };
		BAE9E4EA23BB804300E651E2 /* MDB4_FlightTrackerTests.swift */ = {isa = PBXFileReference; lastKnownFileType = sourcecode.swift; path = MDB4_FlightTrackerTests.swift; sourceTree = "<group>"; };
		BAE9E4EC23BB804300E651E2 /* Info.plist */ = {isa = PBXFileReference; lastKnownFileType = text.plist.xml; path = Info.plist; sourceTree = "<group>"; };
		BAE9E4F123BB804300E651E2 /* MDB4-FlightTrackerUITests.xctest */ = {isa = PBXFileReference; explicitFileType = wrapper.cfbundle; includeInIndex = 0; path = "MDB4-FlightTrackerUITests.xctest"; sourceTree = BUILT_PRODUCTS_DIR; };
		BAE9E4F523BB804300E651E2 /* MDB4_FlightTrackerUITests.swift */ = {isa = PBXFileReference; lastKnownFileType = sourcecode.swift; path = MDB4_FlightTrackerUITests.swift; sourceTree = "<group>"; };
		BAE9E4F723BB804300E651E2 /* Info.plist */ = {isa = PBXFileReference; lastKnownFileType = text.plist.xml; path = Info.plist; sourceTree = "<group>"; };
		BAE9E50323BC407B00E651E2 /* FlightRequestVC.swift */ = {isa = PBXFileReference; lastKnownFileType = sourcecode.swift; path = FlightRequestVC.swift; sourceTree = "<group>"; };
		BAE9E50523BC409D00E651E2 /* FlightInfoVC.swift */ = {isa = PBXFileReference; lastKnownFileType = sourcecode.swift; path = FlightInfoVC.swift; sourceTree = "<group>"; };
		BAE9E50823BC40DD00E651E2 /* AirportMapVC.swift */ = {isa = PBXFileReference; lastKnownFileType = sourcecode.swift; path = AirportMapVC.swift; sourceTree = "<group>"; };
		BAE9E50B23BC410E00E651E2 /* AirportInfoVC.swift */ = {isa = PBXFileReference; lastKnownFileType = sourcecode.swift; path = AirportInfoVC.swift; sourceTree = "<group>"; };
		BAE9E50E23BC413400E651E2 /* FavoritesVC.swift */ = {isa = PBXFileReference; lastKnownFileType = sourcecode.swift; path = FavoritesVC.swift; sourceTree = "<group>"; };
		BAE9E51023BC889100E651E2 /* FlightRequestVC-TextFieldExtension.swift */ = {isa = PBXFileReference; lastKnownFileType = sourcecode.swift; path = "FlightRequestVC-TextFieldExtension.swift"; sourceTree = "<group>"; };
		BB70F7B7D626A1DF9D6C8572 /* Pods-MDB4-FlightTrackerTests.debug.xcconfig */ = {isa = PBXFileReference; includeInIndex = 1; lastKnownFileType = text.xcconfig; name = "Pods-MDB4-FlightTrackerTests.debug.xcconfig"; path = "Target Support Files/Pods-MDB4-FlightTrackerTests/Pods-MDB4-FlightTrackerTests.debug.xcconfig"; sourceTree = "<group>"; };
		C3FB4C5887E036C6E19FAB06 /* Pods_MDB4_FlightTrackerTests.framework */ = {isa = PBXFileReference; explicitFileType = wrapper.framework; includeInIndex = 0; path = Pods_MDB4_FlightTrackerTests.framework; sourceTree = BUILT_PRODUCTS_DIR; };
		E1D2AF9510C725803D4D4A0B /* Pods-MDB4-FlightTracker-MDB4-FlightTrackerUITests.debug.xcconfig */ = {isa = PBXFileReference; includeInIndex = 1; lastKnownFileType = text.xcconfig; name = "Pods-MDB4-FlightTracker-MDB4-FlightTrackerUITests.debug.xcconfig"; path = "Target Support Files/Pods-MDB4-FlightTracker-MDB4-FlightTrackerUITests/Pods-MDB4-FlightTracker-MDB4-FlightTrackerUITests.debug.xcconfig"; sourceTree = "<group>"; };
/* End PBXFileReference section */

/* Begin PBXFrameworksBuildPhase section */
		BAE9E4CD23BB804100E651E2 /* Frameworks */ = {
			isa = PBXFrameworksBuildPhase;
			buildActionMask = 2147483647;
			files = (
				BBD70E31C3D60440BD87DADB /* Pods_MDB4_FlightTracker.framework in Frameworks */,
			);
			runOnlyForDeploymentPostprocessing = 0;
		};
		BAE9E4E323BB804300E651E2 /* Frameworks */ = {
			isa = PBXFrameworksBuildPhase;
			buildActionMask = 2147483647;
			files = (
				A059623353344B8B4D2FAB08 /* Pods_MDB4_FlightTrackerTests.framework in Frameworks */,
			);
			runOnlyForDeploymentPostprocessing = 0;
		};
		BAE9E4EE23BB804300E651E2 /* Frameworks */ = {
			isa = PBXFrameworksBuildPhase;
			buildActionMask = 2147483647;
			files = (
				680F55DAE903C9450EB33958 /* Pods_MDB4_FlightTracker_MDB4_FlightTrackerUITests.framework in Frameworks */,
			);
			runOnlyForDeploymentPostprocessing = 0;
		};
/* End PBXFrameworksBuildPhase section */

/* Begin PBXGroup section */
		75D11FE0B6F8A71A47696F42 /* Frameworks */ = {
			isa = PBXGroup;
			children = (
				3A307AA70B0FFBE49C6E4112 /* Pods_MDB4_FlightTracker.framework */,
				1FDBA14082D72C0D263DF4DB /* Pods_MDB4_FlightTracker_MDB4_FlightTrackerUITests.framework */,
				C3FB4C5887E036C6E19FAB06 /* Pods_MDB4_FlightTrackerTests.framework */,
			);
			name = Frameworks;
			sourceTree = "<group>";
		};
		BA21393223BC9AC10025DF82 /* Controllers */ = {
			isa = PBXGroup;
			children = (
				BAE9E50723BC40B400E651E2 /* Flights */,
				BAE9E50A23BC40E600E651E2 /* Airports */,
				BAE9E50D23BC411D00E651E2 /* Favorites */,
			);
			path = Controllers;
			sourceTree = "<group>";
		};
		BA21393323BC9ACD0025DF82 /* Model */ = {
			isa = PBXGroup;
			children = (
				BA21393A23BC9D750025DF82 /* Flight.swift */,
				BA21393F23BDC4E10025DF82 /* Airplane.swift */,
				BA21393C23BCDC0A0025DF82 /* Airport.swift */,
				BA21394923BF22F80025DF82 /* AirportAnnotation.swift */,
			);
			path = Model;
			sourceTree = "<group>";
		};
		BA21393423BC9AF80025DF82 /* Views */ = {
			isa = PBXGroup;
			children = (
				BA21394B23BF7EFD0025DF82 /* AirportAnnotationView.swift */,
				BA21394F23C096790025DF82 /* FlightCell.swift */,
				BA21395323C22B110025DF82 /* FavoriteFlightCell.swift */,
			);
			path = Views;
			sourceTree = "<group>";
		};
		BA21393523BC9B090025DF82 /* Client */ = {
			isa = PBXGroup;
			children = (
				BA21393823BC9D390025DF82 /* LufthansaAPIHelper.swift */,
			);
			path = Client;
			sourceTree = "<group>";
		};
		BA21393E23BCE8860025DF82 /* Resources */ = {
			isa = PBXGroup;
			children = (
				BA21393523BC9B090025DF82 /* Client */,
			);
			path = Resources;
			sourceTree = "<group>";
		};
		BAE9E4C723BB804100E651E2 = {
			isa = PBXGroup;
			children = (
				BAE9E4D223BB804100E651E2 /* MDB4-FlightTracker */,
				BAE9E4E923BB804300E651E2 /* MDB4-FlightTrackerTests */,
				BAE9E4F423BB804300E651E2 /* MDB4-FlightTrackerUITests */,
				BAE9E4D123BB804100E651E2 /* Products */,
				EEF9D01D357902D5647F8E72 /* Pods */,
				75D11FE0B6F8A71A47696F42 /* Frameworks */,
			);
			sourceTree = "<group>";
		};
		BAE9E4D123BB804100E651E2 /* Products */ = {
			isa = PBXGroup;
			children = (
				BAE9E4D023BB804100E651E2 /* MDB4-FlightTracker.app */,
				BAE9E4E623BB804300E651E2 /* MDB4-FlightTrackerTests.xctest */,
				BAE9E4F123BB804300E651E2 /* MDB4-FlightTrackerUITests.xctest */,
			);
			name = Products;
			sourceTree = "<group>";
		};
		BAE9E4D223BB804100E651E2 /* MDB4-FlightTracker */ = {
			isa = PBXGroup;
			children = (
				BAE9E4D323BB804100E651E2 /* AppDelegate.swift */,
				BAE9E4D523BB804100E651E2 /* SceneDelegate.swift */,
				BAE9E4D923BB804100E651E2 /* Main.storyboard */,
				BA21393E23BCE8860025DF82 /* Resources */,
				BA21393423BC9AF80025DF82 /* Views */,
				BA21393323BC9ACD0025DF82 /* Model */,
				BA21393223BC9AC10025DF82 /* Controllers */,
				BAE9E4DC23BB804300E651E2 /* Assets.xcassets */,
				BAE9E4DE23BB804300E651E2 /* LaunchScreen.storyboard */,
				BAE9E4E123BB804300E651E2 /* Info.plist */,
			);
			path = "MDB4-FlightTracker";
			sourceTree = "<group>";
		};
		BAE9E4E923BB804300E651E2 /* MDB4-FlightTrackerTests */ = {
			isa = PBXGroup;
			children = (
				BAE9E4EA23BB804300E651E2 /* MDB4_FlightTrackerTests.swift */,
				BAE9E4EC23BB804300E651E2 /* Info.plist */,
			);
			path = "MDB4-FlightTrackerTests";
			sourceTree = "<group>";
		};
		BAE9E4F423BB804300E651E2 /* MDB4-FlightTrackerUITests */ = {
			isa = PBXGroup;
			children = (
				BAE9E4F523BB804300E651E2 /* MDB4_FlightTrackerUITests.swift */,
				BAE9E4F723BB804300E651E2 /* Info.plist */,
			);
			path = "MDB4-FlightTrackerUITests";
			sourceTree = "<group>";
		};
		BAE9E50723BC40B400E651E2 /* Flights */ = {
			isa = PBXGroup;
			children = (
				BAE9E50323BC407B00E651E2 /* FlightRequestVC.swift */,
				BAE9E51023BC889100E651E2 /* FlightRequestVC-TextFieldExtension.swift */,
				BAE9E50523BC409D00E651E2 /* FlightInfoVC.swift */,
				BA21394323BF07F10025DF82 /* FlightInfoVC-Map.swift */,
				BA21394123BDEB740025DF82 /* FlightInfoVC-UI.swift */,
			);
			path = Flights;
			sourceTree = "<group>";
		};
		BAE9E50A23BC40E600E651E2 /* Airports */ = {
			isa = PBXGroup;
			children = (
				BAE9E50823BC40DD00E651E2 /* AirportMapVC.swift */,
				BA21394523BF13C90025DF82 /* AirportMapVC-Map.swift */,
				BA21394723BF13EA0025DF82 /* Airport-UI.swift */,
				BAE9E50B23BC410E00E651E2 /* AirportInfoVC.swift */,
				BA21395123C225630025DF82 /* AirportInfoVC-Map.swift */,
				BA21394D23C070860025DF82 /* AirportInfoVC-Table.swift */,
			);
			path = Airports;
			sourceTree = "<group>";
		};
		BAE9E50D23BC411D00E651E2 /* Favorites */ = {
			isa = PBXGroup;
			children = (
				BAE9E50E23BC413400E651E2 /* FavoritesVC.swift */,
				BA21395523C22B420025DF82 /* FavoritesVC-Table.swift */,
			);
			path = Favorites;
			sourceTree = "<group>";
		};
		EEF9D01D357902D5647F8E72 /* Pods */ = {
			isa = PBXGroup;
			children = (
				6256EDBEAB017C0CF23AF009 /* Pods-MDB4-FlightTracker.debug.xcconfig */,
				7FCB12D7DA2077A3FA31994E /* Pods-MDB4-FlightTracker.release.xcconfig */,
				E1D2AF9510C725803D4D4A0B /* Pods-MDB4-FlightTracker-MDB4-FlightTrackerUITests.debug.xcconfig */,
				2446AC00D383C5D21383544A /* Pods-MDB4-FlightTracker-MDB4-FlightTrackerUITests.release.xcconfig */,
				BB70F7B7D626A1DF9D6C8572 /* Pods-MDB4-FlightTrackerTests.debug.xcconfig */,
				1484A4DBEBE891C9592E877F /* Pods-MDB4-FlightTrackerTests.release.xcconfig */,
			);
			path = Pods;
			sourceTree = "<group>";
		};
/* End PBXGroup section */

/* Begin PBXNativeTarget section */
		BAE9E4CF23BB804100E651E2 /* MDB4-FlightTracker */ = {
			isa = PBXNativeTarget;
			buildConfigurationList = BAE9E4FA23BB804300E651E2 /* Build configuration list for PBXNativeTarget "MDB4-FlightTracker" */;
			buildPhases = (
				79789014820126B29CC8F3D1 /* [CP] Check Pods Manifest.lock */,
				BAE9E4CC23BB804100E651E2 /* Sources */,
				BAE9E4CD23BB804100E651E2 /* Frameworks */,
				BAE9E4CE23BB804100E651E2 /* Resources */,
				4F62460563D5F5D38EE6871B /* [CP] Embed Pods Frameworks */,
			);
			buildRules = (
			);
			dependencies = (
			);
			name = "MDB4-FlightTracker";
			productName = "MDB4-FlightTracker";
			productReference = BAE9E4D023BB804100E651E2 /* MDB4-FlightTracker.app */;
			productType = "com.apple.product-type.application";
		};
		BAE9E4E523BB804300E651E2 /* MDB4-FlightTrackerTests */ = {
			isa = PBXNativeTarget;
			buildConfigurationList = BAE9E4FD23BB804300E651E2 /* Build configuration list for PBXNativeTarget "MDB4-FlightTrackerTests" */;
			buildPhases = (
				9AE7BB08E6B14DC200ABD4C5 /* [CP] Check Pods Manifest.lock */,
				BAE9E4E223BB804300E651E2 /* Sources */,
				BAE9E4E323BB804300E651E2 /* Frameworks */,
				BAE9E4E423BB804300E651E2 /* Resources */,
			);
			buildRules = (
			);
			dependencies = (
				BAE9E4E823BB804300E651E2 /* PBXTargetDependency */,
			);
			name = "MDB4-FlightTrackerTests";
			productName = "MDB4-FlightTrackerTests";
			productReference = BAE9E4E623BB804300E651E2 /* MDB4-FlightTrackerTests.xctest */;
			productType = "com.apple.product-type.bundle.unit-test";
		};
		BAE9E4F023BB804300E651E2 /* MDB4-FlightTrackerUITests */ = {
			isa = PBXNativeTarget;
			buildConfigurationList = BAE9E50023BB804300E651E2 /* Build configuration list for PBXNativeTarget "MDB4-FlightTrackerUITests" */;
			buildPhases = (
				84CF73D5D40C75956DCDA58D /* [CP] Check Pods Manifest.lock */,
				BAE9E4ED23BB804300E651E2 /* Sources */,
				BAE9E4EE23BB804300E651E2 /* Frameworks */,
				BAE9E4EF23BB804300E651E2 /* Resources */,
				5ABA23E617B0EE3528E4B315 /* [CP] Embed Pods Frameworks */,
			);
			buildRules = (
			);
			dependencies = (
				BAE9E4F323BB804300E651E2 /* PBXTargetDependency */,
			);
			name = "MDB4-FlightTrackerUITests";
			productName = "MDB4-FlightTrackerUITests";
			productReference = BAE9E4F123BB804300E651E2 /* MDB4-FlightTrackerUITests.xctest */;
			productType = "com.apple.product-type.bundle.ui-testing";
		};
/* End PBXNativeTarget section */

/* Begin PBXProject section */
		BAE9E4C823BB804100E651E2 /* Project object */ = {
			isa = PBXProject;
			attributes = {
				LastSwiftUpdateCheck = 1130;
				LastUpgradeCheck = 1130;
				ORGANIZATIONNAME = "Henry Gu";
				TargetAttributes = {
					BAE9E4CF23BB804100E651E2 = {
						CreatedOnToolsVersion = 11.3;
					};
					BAE9E4E523BB804300E651E2 = {
						CreatedOnToolsVersion = 11.3;
						TestTargetID = BAE9E4CF23BB804100E651E2;
					};
					BAE9E4F023BB804300E651E2 = {
						CreatedOnToolsVersion = 11.3;
						TestTargetID = BAE9E4CF23BB804100E651E2;
					};
				};
			};
			buildConfigurationList = BAE9E4CB23BB804100E651E2 /* Build configuration list for PBXProject "MDB4-FlightTracker" */;
			compatibilityVersion = "Xcode 9.3";
			developmentRegion = en;
			hasScannedForEncodings = 0;
			knownRegions = (
				en,
				Base,
			);
			mainGroup = BAE9E4C723BB804100E651E2;
			productRefGroup = BAE9E4D123BB804100E651E2 /* Products */;
			projectDirPath = "";
			projectRoot = "";
			targets = (
				BAE9E4CF23BB804100E651E2 /* MDB4-FlightTracker */,
				BAE9E4E523BB804300E651E2 /* MDB4-FlightTrackerTests */,
				BAE9E4F023BB804300E651E2 /* MDB4-FlightTrackerUITests */,
			);
		};
/* End PBXProject section */

/* Begin PBXResourcesBuildPhase section */
		BAE9E4CE23BB804100E651E2 /* Resources */ = {
			isa = PBXResourcesBuildPhase;
			buildActionMask = 2147483647;
			files = (
				BAE9E4E023BB804300E651E2 /* LaunchScreen.storyboard in Resources */,
				BAE9E4DD23BB804300E651E2 /* Assets.xcassets in Resources */,
				BAE9E4DB23BB804100E651E2 /* Main.storyboard in Resources */,
			);
			runOnlyForDeploymentPostprocessing = 0;
		};
		BAE9E4E423BB804300E651E2 /* Resources */ = {
			isa = PBXResourcesBuildPhase;
			buildActionMask = 2147483647;
			files = (
			);
			runOnlyForDeploymentPostprocessing = 0;
		};
		BAE9E4EF23BB804300E651E2 /* Resources */ = {
			isa = PBXResourcesBuildPhase;
			buildActionMask = 2147483647;
			files = (
			);
			runOnlyForDeploymentPostprocessing = 0;
		};
/* End PBXResourcesBuildPhase section */

/* Begin PBXShellScriptBuildPhase section */
		4F62460563D5F5D38EE6871B /* [CP] Embed Pods Frameworks */ = {
			isa = PBXShellScriptBuildPhase;
			buildActionMask = 2147483647;
			files = (
			);
			inputFileListPaths = (
				"${PODS_ROOT}/Target Support Files/Pods-MDB4-FlightTracker/Pods-MDB4-FlightTracker-frameworks-${CONFIGURATION}-input-files.xcfilelist",
			);
			name = "[CP] Embed Pods Frameworks";
			outputFileListPaths = (
				"${PODS_ROOT}/Target Support Files/Pods-MDB4-FlightTracker/Pods-MDB4-FlightTracker-frameworks-${CONFIGURATION}-output-files.xcfilelist",
			);
			runOnlyForDeploymentPostprocessing = 0;
			shellPath = /bin/sh;
			shellScript = "\"${PODS_ROOT}/Target Support Files/Pods-MDB4-FlightTracker/Pods-MDB4-FlightTracker-frameworks.sh\"\n";
			showEnvVarsInLog = 0;
		};
		5ABA23E617B0EE3528E4B315 /* [CP] Embed Pods Frameworks */ = {
			isa = PBXShellScriptBuildPhase;
			buildActionMask = 2147483647;
			files = (
			);
			inputFileListPaths = (
				"${PODS_ROOT}/Target Support Files/Pods-MDB4-FlightTracker-MDB4-FlightTrackerUITests/Pods-MDB4-FlightTracker-MDB4-FlightTrackerUITests-frameworks-${CONFIGURATION}-input-files.xcfilelist",
			);
			name = "[CP] Embed Pods Frameworks";
			outputFileListPaths = (
				"${PODS_ROOT}/Target Support Files/Pods-MDB4-FlightTracker-MDB4-FlightTrackerUITests/Pods-MDB4-FlightTracker-MDB4-FlightTrackerUITests-frameworks-${CONFIGURATION}-output-files.xcfilelist",
			);
			runOnlyForDeploymentPostprocessing = 0;
			shellPath = /bin/sh;
			shellScript = "\"${PODS_ROOT}/Target Support Files/Pods-MDB4-FlightTracker-MDB4-FlightTrackerUITests/Pods-MDB4-FlightTracker-MDB4-FlightTrackerUITests-frameworks.sh\"\n";
			showEnvVarsInLog = 0;
		};
		79789014820126B29CC8F3D1 /* [CP] Check Pods Manifest.lock */ = {
			isa = PBXShellScriptBuildPhase;
			buildActionMask = 2147483647;
			files = (
			);
			inputFileListPaths = (
			);
			inputPaths = (
				"${PODS_PODFILE_DIR_PATH}/Podfile.lock",
				"${PODS_ROOT}/Manifest.lock",
			);
			name = "[CP] Check Pods Manifest.lock";
			outputFileListPaths = (
			);
			outputPaths = (
				"$(DERIVED_FILE_DIR)/Pods-MDB4-FlightTracker-checkManifestLockResult.txt",
			);
			runOnlyForDeploymentPostprocessing = 0;
			shellPath = /bin/sh;
			shellScript = "diff \"${PODS_PODFILE_DIR_PATH}/Podfile.lock\" \"${PODS_ROOT}/Manifest.lock\" > /dev/null\nif [ $? != 0 ] ; then\n    # print error to STDERR\n    echo \"error: The sandbox is not in sync with the Podfile.lock. Run 'pod install' or update your CocoaPods installation.\" >&2\n    exit 1\nfi\n# This output is used by Xcode 'outputs' to avoid re-running this script phase.\necho \"SUCCESS\" > \"${SCRIPT_OUTPUT_FILE_0}\"\n";
			showEnvVarsInLog = 0;
		};
		84CF73D5D40C75956DCDA58D /* [CP] Check Pods Manifest.lock */ = {
			isa = PBXShellScriptBuildPhase;
			buildActionMask = 2147483647;
			files = (
			);
			inputFileListPaths = (
			);
			inputPaths = (
				"${PODS_PODFILE_DIR_PATH}/Podfile.lock",
				"${PODS_ROOT}/Manifest.lock",
			);
			name = "[CP] Check Pods Manifest.lock";
			outputFileListPaths = (
			);
			outputPaths = (
				"$(DERIVED_FILE_DIR)/Pods-MDB4-FlightTracker-MDB4-FlightTrackerUITests-checkManifestLockResult.txt",
			);
			runOnlyForDeploymentPostprocessing = 0;
			shellPath = /bin/sh;
			shellScript = "diff \"${PODS_PODFILE_DIR_PATH}/Podfile.lock\" \"${PODS_ROOT}/Manifest.lock\" > /dev/null\nif [ $? != 0 ] ; then\n    # print error to STDERR\n    echo \"error: The sandbox is not in sync with the Podfile.lock. Run 'pod install' or update your CocoaPods installation.\" >&2\n    exit 1\nfi\n# This output is used by Xcode 'outputs' to avoid re-running this script phase.\necho \"SUCCESS\" > \"${SCRIPT_OUTPUT_FILE_0}\"\n";
			showEnvVarsInLog = 0;
		};
		9AE7BB08E6B14DC200ABD4C5 /* [CP] Check Pods Manifest.lock */ = {
			isa = PBXShellScriptBuildPhase;
			buildActionMask = 2147483647;
			files = (
			);
			inputFileListPaths = (
			);
			inputPaths = (
				"${PODS_PODFILE_DIR_PATH}/Podfile.lock",
				"${PODS_ROOT}/Manifest.lock",
			);
			name = "[CP] Check Pods Manifest.lock";
			outputFileListPaths = (
			);
			outputPaths = (
				"$(DERIVED_FILE_DIR)/Pods-MDB4-FlightTrackerTests-checkManifestLockResult.txt",
			);
			runOnlyForDeploymentPostprocessing = 0;
			shellPath = /bin/sh;
			shellScript = "diff \"${PODS_PODFILE_DIR_PATH}/Podfile.lock\" \"${PODS_ROOT}/Manifest.lock\" > /dev/null\nif [ $? != 0 ] ; then\n    # print error to STDERR\n    echo \"error: The sandbox is not in sync with the Podfile.lock. Run 'pod install' or update your CocoaPods installation.\" >&2\n    exit 1\nfi\n# This output is used by Xcode 'outputs' to avoid re-running this script phase.\necho \"SUCCESS\" > \"${SCRIPT_OUTPUT_FILE_0}\"\n";
			showEnvVarsInLog = 0;
		};
/* End PBXShellScriptBuildPhase section */

/* Begin PBXSourcesBuildPhase section */
		BAE9E4CC23BB804100E651E2 /* Sources */ = {
			isa = PBXSourcesBuildPhase;
			buildActionMask = 2147483647;
			files = (
				BA21394223BDEB740025DF82 /* FlightInfoVC-UI.swift in Sources */,
				BA21394A23BF22F80025DF82 /* AirportAnnotation.swift in Sources */,
				BA21395223C225630025DF82 /* AirportInfoVC-Map.swift in Sources */,
				BAE9E50623BC409D00E651E2 /* FlightInfoVC.swift in Sources */,
				BAE9E4D423BB804100E651E2 /* AppDelegate.swift in Sources */,
				BAE9E51123BC889100E651E2 /* FlightRequestVC-TextFieldExtension.swift in Sources */,
				BA21394E23C070860025DF82 /* AirportInfoVC-Table.swift in Sources */,
				BA21393B23BC9D750025DF82 /* Flight.swift in Sources */,
				BAE9E50423BC407B00E651E2 /* FlightRequestVC.swift in Sources */,
				BA21394823BF13EA0025DF82 /* Airport-UI.swift in Sources */,
				BA21395023C096790025DF82 /* FlightCell.swift in Sources */,
				BA21394623BF13C90025DF82 /* AirportMapVC-Map.swift in Sources */,
				BA21394C23BF7EFD0025DF82 /* AirportAnnotationView.swift in Sources */,
				BA21394023BDC4E20025DF82 /* Airplane.swift in Sources */,
				BAE9E4D623BB804100E651E2 /* SceneDelegate.swift in Sources */,
				BA21393923BC9D390025DF82 /* LufthansaAPIHelper.swift in Sources */,
				BAE9E50F23BC413400E651E2 /* FavoritesVC.swift in Sources */,
				BA21393D23BCDC0A0025DF82 /* Airport.swift in Sources */,
				BAE9E50C23BC410E00E651E2 /* AirportInfoVC.swift in Sources */,
				BAE9E50923BC40DD00E651E2 /* AirportMapVC.swift in Sources */,
				BA21395623C22B420025DF82 /* FavoritesVC-Table.swift in Sources */,
				BA21394423BF07F10025DF82 /* FlightInfoVC-Map.swift in Sources */,
				BA21395423C22B110025DF82 /* FavoriteFlightCell.swift in Sources */,
			);
			runOnlyForDeploymentPostprocessing = 0;
		};
		BAE9E4E223BB804300E651E2 /* Sources */ = {
			isa = PBXSourcesBuildPhase;
			buildActionMask = 2147483647;
			files = (
				BAE9E4EB23BB804300E651E2 /* MDB4_FlightTrackerTests.swift in Sources */,
			);
			runOnlyForDeploymentPostprocessing = 0;
		};
		BAE9E4ED23BB804300E651E2 /* Sources */ = {
			isa = PBXSourcesBuildPhase;
			buildActionMask = 2147483647;
			files = (
				BAE9E4F623BB804300E651E2 /* MDB4_FlightTrackerUITests.swift in Sources */,
			);
			runOnlyForDeploymentPostprocessing = 0;
		};
/* End PBXSourcesBuildPhase section */

/* Begin PBXTargetDependency section */
		BAE9E4E823BB804300E651E2 /* PBXTargetDependency */ = {
			isa = PBXTargetDependency;
			target = BAE9E4CF23BB804100E651E2 /* MDB4-FlightTracker */;
			targetProxy = BAE9E4E723BB804300E651E2 /* PBXContainerItemProxy */;
		};
		BAE9E4F323BB804300E651E2 /* PBXTargetDependency */ = {
			isa = PBXTargetDependency;
			target = BAE9E4CF23BB804100E651E2 /* MDB4-FlightTracker */;
			targetProxy = BAE9E4F223BB804300E651E2 /* PBXContainerItemProxy */;
		};
/* End PBXTargetDependency section */

/* Begin PBXVariantGroup section */
		BAE9E4D923BB804100E651E2 /* Main.storyboard */ = {
			isa = PBXVariantGroup;
			children = (
				BAE9E4DA23BB804100E651E2 /* Base */,
			);
			name = Main.storyboard;
			sourceTree = "<group>";
		};
		BAE9E4DE23BB804300E651E2 /* LaunchScreen.storyboard */ = {
			isa = PBXVariantGroup;
			children = (
				BAE9E4DF23BB804300E651E2 /* Base */,
			);
			name = LaunchScreen.storyboard;
			sourceTree = "<group>";
		};
/* End PBXVariantGroup section */

/* Begin XCBuildConfiguration section */
		BAE9E4F823BB804300E651E2 /* Debug */ = {
			isa = XCBuildConfiguration;
			buildSettings = {
				ALWAYS_SEARCH_USER_PATHS = NO;
				CLANG_ANALYZER_NONNULL = YES;
				CLANG_ANALYZER_NUMBER_OBJECT_CONVERSION = YES_AGGRESSIVE;
				CLANG_CXX_LANGUAGE_STANDARD = "gnu++14";
				CLANG_CXX_LIBRARY = "libc++";
				CLANG_ENABLE_MODULES = YES;
				CLANG_ENABLE_OBJC_ARC = YES;
				CLANG_ENABLE_OBJC_WEAK = YES;
				CLANG_WARN_BLOCK_CAPTURE_AUTORELEASING = YES;
				CLANG_WARN_BOOL_CONVERSION = YES;
				CLANG_WARN_COMMA = YES;
				CLANG_WARN_CONSTANT_CONVERSION = YES;
				CLANG_WARN_DEPRECATED_OBJC_IMPLEMENTATIONS = YES;
				CLANG_WARN_DIRECT_OBJC_ISA_USAGE = YES_ERROR;
				CLANG_WARN_DOCUMENTATION_COMMENTS = YES;
				CLANG_WARN_EMPTY_BODY = YES;
				CLANG_WARN_ENUM_CONVERSION = YES;
				CLANG_WARN_INFINITE_RECURSION = YES;
				CLANG_WARN_INT_CONVERSION = YES;
				CLANG_WARN_NON_LITERAL_NULL_CONVERSION = YES;
				CLANG_WARN_OBJC_IMPLICIT_RETAIN_SELF = YES;
				CLANG_WARN_OBJC_LITERAL_CONVERSION = YES;
				CLANG_WARN_OBJC_ROOT_CLASS = YES_ERROR;
				CLANG_WARN_RANGE_LOOP_ANALYSIS = YES;
				CLANG_WARN_STRICT_PROTOTYPES = YES;
				CLANG_WARN_SUSPICIOUS_MOVE = YES;
				CLANG_WARN_UNGUARDED_AVAILABILITY = YES_AGGRESSIVE;
				CLANG_WARN_UNREACHABLE_CODE = YES;
				CLANG_WARN__DUPLICATE_METHOD_MATCH = YES;
				COPY_PHASE_STRIP = NO;
				DEBUG_INFORMATION_FORMAT = dwarf;
				ENABLE_STRICT_OBJC_MSGSEND = YES;
				ENABLE_TESTABILITY = YES;
				GCC_C_LANGUAGE_STANDARD = gnu11;
				GCC_DYNAMIC_NO_PIC = NO;
				GCC_NO_COMMON_BLOCKS = YES;
				GCC_OPTIMIZATION_LEVEL = 0;
				GCC_PREPROCESSOR_DEFINITIONS = (
					"DEBUG=1",
					"$(inherited)",
				);
				GCC_WARN_64_TO_32_BIT_CONVERSION = YES;
				GCC_WARN_ABOUT_RETURN_TYPE = YES_ERROR;
				GCC_WARN_UNDECLARED_SELECTOR = YES;
				GCC_WARN_UNINITIALIZED_AUTOS = YES_AGGRESSIVE;
				GCC_WARN_UNUSED_FUNCTION = YES;
				GCC_WARN_UNUSED_VARIABLE = YES;
				IPHONEOS_DEPLOYMENT_TARGET = 13.2;
				MTL_ENABLE_DEBUG_INFO = INCLUDE_SOURCE;
				MTL_FAST_MATH = YES;
				ONLY_ACTIVE_ARCH = YES;
				SDKROOT = iphoneos;
				SWIFT_ACTIVE_COMPILATION_CONDITIONS = DEBUG;
				SWIFT_OPTIMIZATION_LEVEL = "-Onone";
			};
			name = Debug;
		};
		BAE9E4F923BB804300E651E2 /* Release */ = {
			isa = XCBuildConfiguration;
			buildSettings = {
				ALWAYS_SEARCH_USER_PATHS = NO;
				CLANG_ANALYZER_NONNULL = YES;
				CLANG_ANALYZER_NUMBER_OBJECT_CONVERSION = YES_AGGRESSIVE;
				CLANG_CXX_LANGUAGE_STANDARD = "gnu++14";
				CLANG_CXX_LIBRARY = "libc++";
				CLANG_ENABLE_MODULES = YES;
				CLANG_ENABLE_OBJC_ARC = YES;
				CLANG_ENABLE_OBJC_WEAK = YES;
				CLANG_WARN_BLOCK_CAPTURE_AUTORELEASING = YES;
				CLANG_WARN_BOOL_CONVERSION = YES;
				CLANG_WARN_COMMA = YES;
				CLANG_WARN_CONSTANT_CONVERSION = YES;
				CLANG_WARN_DEPRECATED_OBJC_IMPLEMENTATIONS = YES;
				CLANG_WARN_DIRECT_OBJC_ISA_USAGE = YES_ERROR;
				CLANG_WARN_DOCUMENTATION_COMMENTS = YES;
				CLANG_WARN_EMPTY_BODY = YES;
				CLANG_WARN_ENUM_CONVERSION = YES;
				CLANG_WARN_INFINITE_RECURSION = YES;
				CLANG_WARN_INT_CONVERSION = YES;
				CLANG_WARN_NON_LITERAL_NULL_CONVERSION = YES;
				CLANG_WARN_OBJC_IMPLICIT_RETAIN_SELF = YES;
				CLANG_WARN_OBJC_LITERAL_CONVERSION = YES;
				CLANG_WARN_OBJC_ROOT_CLASS = YES_ERROR;
				CLANG_WARN_RANGE_LOOP_ANALYSIS = YES;
				CLANG_WARN_STRICT_PROTOTYPES = YES;
				CLANG_WARN_SUSPICIOUS_MOVE = YES;
				CLANG_WARN_UNGUARDED_AVAILABILITY = YES_AGGRESSIVE;
				CLANG_WARN_UNREACHABLE_CODE = YES;
				CLANG_WARN__DUPLICATE_METHOD_MATCH = YES;
				COPY_PHASE_STRIP = NO;
				DEBUG_INFORMATION_FORMAT = "dwarf-with-dsym";
				ENABLE_NS_ASSERTIONS = NO;
				ENABLE_STRICT_OBJC_MSGSEND = YES;
				GCC_C_LANGUAGE_STANDARD = gnu11;
				GCC_NO_COMMON_BLOCKS = YES;
				GCC_WARN_64_TO_32_BIT_CONVERSION = YES;
				GCC_WARN_ABOUT_RETURN_TYPE = YES_ERROR;
				GCC_WARN_UNDECLARED_SELECTOR = YES;
				GCC_WARN_UNINITIALIZED_AUTOS = YES_AGGRESSIVE;
				GCC_WARN_UNUSED_FUNCTION = YES;
				GCC_WARN_UNUSED_VARIABLE = YES;
				IPHONEOS_DEPLOYMENT_TARGET = 13.2;
				MTL_ENABLE_DEBUG_INFO = NO;
				MTL_FAST_MATH = YES;
				SDKROOT = iphoneos;
				SWIFT_COMPILATION_MODE = wholemodule;
				SWIFT_OPTIMIZATION_LEVEL = "-O";
				VALIDATE_PRODUCT = YES;
			};
			name = Release;
		};
		BAE9E4FB23BB804300E651E2 /* Debug */ = {
			isa = XCBuildConfiguration;
			baseConfigurationReference = 6256EDBEAB017C0CF23AF009 /* Pods-MDB4-FlightTracker.debug.xcconfig */;
			buildSettings = {
				ASSETCATALOG_COMPILER_APPICON_NAME = AppIcon;
				CODE_SIGN_STYLE = Automatic;
				DEVELOPMENT_TEAM = 6VG4P8RE5E;
				INFOPLIST_FILE = "MDB4-FlightTracker/Info.plist";
				LD_RUNPATH_SEARCH_PATHS = (
					"$(inherited)",
					"@executable_path/Frameworks",
				);
				PRODUCT_BUNDLE_IDENTIFIER = "henrygu.MDB4-FlightTracker";
				PRODUCT_NAME = "$(TARGET_NAME)";
				SWIFT_VERSION = 5.0;
				TARGETED_DEVICE_FAMILY = "1,2";
			};
			name = Debug;
		};
		BAE9E4FC23BB804300E651E2 /* Release */ = {
			isa = XCBuildConfiguration;
			baseConfigurationReference = 7FCB12D7DA2077A3FA31994E /* Pods-MDB4-FlightTracker.release.xcconfig */;
			buildSettings = {
				ASSETCATALOG_COMPILER_APPICON_NAME = AppIcon;
				CODE_SIGN_STYLE = Automatic;
				DEVELOPMENT_TEAM = 6VG4P8RE5E;
				INFOPLIST_FILE = "MDB4-FlightTracker/Info.plist";
				LD_RUNPATH_SEARCH_PATHS = (
					"$(inherited)",
					"@executable_path/Frameworks",
				);
				PRODUCT_BUNDLE_IDENTIFIER = "henrygu.MDB4-FlightTracker";
				PRODUCT_NAME = "$(TARGET_NAME)";
				SWIFT_VERSION = 5.0;
				TARGETED_DEVICE_FAMILY = "1,2";
			};
			name = Release;
		};
		BAE9E4FE23BB804300E651E2 /* Debug */ = {
			isa = XCBuildConfiguration;
			baseConfigurationReference = BB70F7B7D626A1DF9D6C8572 /* Pods-MDB4-FlightTrackerTests.debug.xcconfig */;
			buildSettings = {
				ALWAYS_EMBED_SWIFT_STANDARD_LIBRARIES = YES;
				BUNDLE_LOADER = "$(TEST_HOST)";
				CODE_SIGN_STYLE = Automatic;
				DEVELOPMENT_TEAM = 6VG4P8RE5E;
				INFOPLIST_FILE = "MDB4-FlightTrackerTests/Info.plist";
				IPHONEOS_DEPLOYMENT_TARGET = 13.2;
				LD_RUNPATH_SEARCH_PATHS = (
					"$(inherited)",
					"@executable_path/Frameworks",
					"@loader_path/Frameworks",
				);
				PRODUCT_BUNDLE_IDENTIFIER = "henrygu.MDB4-FlightTrackerTests";
				PRODUCT_NAME = "$(TARGET_NAME)";
				SWIFT_VERSION = 5.0;
				TARGETED_DEVICE_FAMILY = "1,2";
				TEST_HOST = "$(BUILT_PRODUCTS_DIR)/MDB4-FlightTracker.app/MDB4-FlightTracker";
			};
			name = Debug;
		};
		BAE9E4FF23BB804300E651E2 /* Release */ = {
			isa = XCBuildConfiguration;
			baseConfigurationReference = 1484A4DBEBE891C9592E877F /* Pods-MDB4-FlightTrackerTests.release.xcconfig */;
			buildSettings = {
				ALWAYS_EMBED_SWIFT_STANDARD_LIBRARIES = YES;
				BUNDLE_LOADER = "$(TEST_HOST)";
				CODE_SIGN_STYLE = Automatic;
				DEVELOPMENT_TEAM = 6VG4P8RE5E;
				INFOPLIST_FILE = "MDB4-FlightTrackerTests/Info.plist";
				IPHONEOS_DEPLOYMENT_TARGET = 13.2;
				LD_RUNPATH_SEARCH_PATHS = (
					"$(inherited)",
					"@executable_path/Frameworks",
					"@loader_path/Frameworks",
				);
				PRODUCT_BUNDLE_IDENTIFIER = "henrygu.MDB4-FlightTrackerTests";
				PRODUCT_NAME = "$(TARGET_NAME)";
				SWIFT_VERSION = 5.0;
				TARGETED_DEVICE_FAMILY = "1,2";
				TEST_HOST = "$(BUILT_PRODUCTS_DIR)/MDB4-FlightTracker.app/MDB4-FlightTracker";
			};
			name = Release;
		};
		BAE9E50123BB804300E651E2 /* Debug */ = {
			isa = XCBuildConfiguration;
			baseConfigurationReference = E1D2AF9510C725803D4D4A0B /* Pods-MDB4-FlightTracker-MDB4-FlightTrackerUITests.debug.xcconfig */;
			buildSettings = {
				ALWAYS_EMBED_SWIFT_STANDARD_LIBRARIES = YES;
				CODE_SIGN_STYLE = Automatic;
				DEVELOPMENT_TEAM = 6VG4P8RE5E;
				INFOPLIST_FILE = "MDB4-FlightTrackerUITests/Info.plist";
				LD_RUNPATH_SEARCH_PATHS = (
					"$(inherited)",
					"@executable_path/Frameworks",
					"@loader_path/Frameworks",
				);
				PRODUCT_BUNDLE_IDENTIFIER = "henrygu.MDB4-FlightTrackerUITests";
				PRODUCT_NAME = "$(TARGET_NAME)";
				SWIFT_VERSION = 5.0;
				TARGETED_DEVICE_FAMILY = "1,2";
				TEST_TARGET_NAME = "MDB4-FlightTracker";
			};
			name = Debug;
		};
		BAE9E50223BB804300E651E2 /* Release */ = {
			isa = XCBuildConfiguration;
			baseConfigurationReference = 2446AC00D383C5D21383544A /* Pods-MDB4-FlightTracker-MDB4-FlightTrackerUITests.release.xcconfig */;
			buildSettings = {
				ALWAYS_EMBED_SWIFT_STANDARD_LIBRARIES = YES;
				CODE_SIGN_STYLE = Automatic;
				DEVELOPMENT_TEAM = 6VG4P8RE5E;
				INFOPLIST_FILE = "MDB4-FlightTrackerUITests/Info.plist";
				LD_RUNPATH_SEARCH_PATHS = (
					"$(inherited)",
					"@executable_path/Frameworks",
					"@loader_path/Frameworks",
				);
				PRODUCT_BUNDLE_IDENTIFIER = "henrygu.MDB4-FlightTrackerUITests";
				PRODUCT_NAME = "$(TARGET_NAME)";
				SWIFT_VERSION = 5.0;
				TARGETED_DEVICE_FAMILY = "1,2";
				TEST_TARGET_NAME = "MDB4-FlightTracker";
			};
			name = Release;
		};
/* End XCBuildConfiguration section */

/* Begin XCConfigurationList section */
		BAE9E4CB23BB804100E651E2 /* Build configuration list for PBXProject "MDB4-FlightTracker" */ = {
			isa = XCConfigurationList;
			buildConfigurations = (
				BAE9E4F823BB804300E651E2 /* Debug */,
				BAE9E4F923BB804300E651E2 /* Release */,
			);
			defaultConfigurationIsVisible = 0;
			defaultConfigurationName = Release;
		};
		BAE9E4FA23BB804300E651E2 /* Build configuration list for PBXNativeTarget "MDB4-FlightTracker" */ = {
			isa = XCConfigurationList;
			buildConfigurations = (
				BAE9E4FB23BB804300E651E2 /* Debug */,
				BAE9E4FC23BB804300E651E2 /* Release */,
			);
			defaultConfigurationIsVisible = 0;
			defaultConfigurationName = Release;
		};
		BAE9E4FD23BB804300E651E2 /* Build configuration list for PBXNativeTarget "MDB4-FlightTrackerTests" */ = {
			isa = XCConfigurationList;
			buildConfigurations = (
				BAE9E4FE23BB804300E651E2 /* Debug */,
				BAE9E4FF23BB804300E651E2 /* Release */,
			);
			defaultConfigurationIsVisible = 0;
			defaultConfigurationName = Release;
		};
		BAE9E50023BB804300E651E2 /* Build configuration list for PBXNativeTarget "MDB4-FlightTrackerUITests" */ = {
			isa = XCConfigurationList;
			buildConfigurations = (
				BAE9E50123BB804300E651E2 /* Debug */,
				BAE9E50223BB804300E651E2 /* Release */,
			);
			defaultConfigurationIsVisible = 0;
			defaultConfigurationName = Release;
		};
/* End XCConfigurationList section */
	};
	rootObject = BAE9E4C823BB804100E651E2 /* Project object */;
}
